{
  "requires": true,
  "lockfileVersion": 1,
  "dependencies": {
    "@dcloudio/uni-ui": {
      "version": "1.5.10",
      "resolved": "https://registry.npmmirror.com/@dcloudio/uni-ui/-/uni-ui-1.5.10.tgz",
      "integrity": "sha512-v6ylkGSUF6hhgSerm8aVEQE9SBkKz3oNDzorkVC0KLHfulMbkacJQ92YFSQ0kCGeudupVqXuPwNTFjKJF5Qolw=="
    }
  }
}
